
Microsoft Visual Studio Solution File, Format Version 11.00
# Visual Studio 2010 Express for Windows Phone
Project("{FAE04EC0-301F-11D3-BF4B-00C04F79EFBC}") = "AppliDemo", "AppliDemo\AppliDemo.csproj", "{D3299F7A-E8CF-4A46-92F0-064DEDD93012}"
EndProject
Project("{FAE04EC0-301F-11D3-BF4B-00C04F79EFBC}") = "BusinessLayer", "AppliDemo\BusinessLayer\BusinessLayer.csproj", "{BA740CB1-C833-4D33-919A-9EB60747440A}"
EndProject
Global
	GlobalSection(SolutionConfigurationPlatforms) = preSolution
		Debug|Any CPU = Debug|Any CPU
		Release|Any CPU = Release|Any CPU
	EndGlobalSection
	GlobalSection(ProjectConfigurationPlatforms) = postSolution
		{D3299F7A-E8CF-4A46-92F0-064DEDD93012}.Debug|Any CPU.ActiveCfg = Debug|Any CPU
		{D3299F7A-E8CF-4A46-92F0-064DEDD93012}.Debug|Any CPU.Build.0 = Debug|Any CPU
		{D3299F7A-E8CF-4A46-92F0-064DEDD93012}.Debug|Any CPU.Deploy.0 = Debug|Any CPU
		{D3299F7A-E8CF-4A46-92F0-064DEDD93012}.Release|Any CPU.ActiveCfg = Release|Any CPU
		{D3299F7A-E8CF-4A46-92F0-064DEDD93012}.Release|Any CPU.Build.0 = Release|Any CPU
		{D3299F7A-E8CF-4A46-92F0-064DEDD93012}.Release|Any CPU.Deploy.0 = Release|Any CPU
		{BA740CB1-C833-4D33-919A-9EB60747440A}.Debug|Any CPU.ActiveCfg = Debug|Any CPU
		{BA740CB1-C833-4D33-919A-9EB60747440A}.Debug|Any CPU.Build.0 = Debug|Any CPU
		{BA740CB1-C833-4D33-919A-9EB60747440A}.Release|Any CPU.ActiveCfg = Release|Any CPU
		{BA740CB1-C833-4D33-919A-9EB60747440A}.Release|Any CPU.Build.0 = Release|Any CPU
	EndGlobalSection
	GlobalSection(SolutionProperties) = preSolution
		HideSolutionNode = FALSE
	EndGlobalSection
EndGlobal
